
Microsoft Visual Studio Solution File, Format Version 12.00
# Visual Studio Express 2012 for Windows Desktop
Project("{F184B08F-C81C-45F6-A57F-5ABD9991F28F}") = "ibrahimcelik - Theme X", "ibrahimcelik - Theme X.vbproj", "{A88F0F35-BE12-4C26-BEEF-B8FF611EBE52}"
EndProject
Global
	GlobalSection(SolutionConfigurationPlatforms) = preSolution
		Debug|Any CPU = Debug|Any CPU
		Debug|x86 = Debug|x86
		Release|Any CPU = Release|Any CPU
		Release|x86 = Release|x86
	EndGlobalSection
	GlobalSection(ProjectConfigurationPlatforms) = postSolution
		{A88F0F35-BE12-4C26-BEEF-B8FF611EBE52}.Debug|Any CPU.ActiveCfg = Debug|Any CPU
		{A88F0F35-BE12-4C26-BEEF-B8FF611EBE52}.Debug|Any CPU.Build.0 = Debug|Any CPU
		{A88F0F35-BE12-4C26-BEEF-B8FF611EBE52}.Debug|x86.ActiveCfg = Debug|x86
		{A88F0F35-BE12-4C26-BEEF-B8FF611EBE52}.Debug|x86.Build.0 = Debug|x86
		{A88F0F35-BE12-4C26-BEEF-B8FF611EBE52}.Release|Any CPU.ActiveCfg = Release|Any CPU
		{A88F0F35-BE12-4C26-BEEF-B8FF611EBE52}.Release|Any CPU.Build.0 = Release|Any CPU
		{A88F0F35-BE12-4C26-BEEF-B8FF611EBE52}.Release|x86.ActiveCfg = Release|x86
		{A88F0F35-BE12-4C26-BEEF-B8FF611EBE52}.Release|x86.Build.0 = Release|x86
	EndGlobalSection
	GlobalSection(SolutionProperties) = preSolution
		HideSolutionNode = FALSE
	EndGlobalSection
EndGlobal
